{
  "name": "tools",
  "version": "1.0.0",
  "lockfileVersion": 1,
  "requires": true,
  "dependencies": {
    "charset": {
      "version": "1.0.1",
      "resolved": "http://r.tnpm.oa.com/charset/download/charset-1.0.1.tgz",
      "integrity": "sha1-jVlUbDVb5hBJqPqRZHR3kzGYUr0=",
      "dev": true
    },
    "ecstatic": {
      "version": "4.1.2",
      "resolved": "http://r.tnpm.oa.com/ecstatic/download/ecstatic-4.1.2.tgz",
      "integrity": "sha1-OvvimEmzK8Kh+KkPZ+AdwEjHrUA=",
      "dev": true,
      "requires": {
        "charset": "^1.0.1",
        "he": "^1.1.1",
        "mime": "^2.4.1",
        "minimist": "^1.1.0",
        "on-finished": "^2.3.0",
        "url-join": "^4.0.0"
      },
      "dependencies": {
        "mime": {
          "version": "2.4.2",
          "resolved": "http://r.tnpm.oa.com/mime/download/mime-2.4.2.tgz",
          "integrity": "sha1-zlIppemf/DE6usgGtILBDnumrHg=",
          "dev": true
        },
        "minimist": {
          "version": "1.2.0",
          "resolved": "http://r.tnpm.oa.com/minimist/download/minimist-1.2.0.tgz",
          "integrity": "sha1-o1AIsg9BOD7sH7kU9M1d95omQoQ=",
          "dev": true
        }
      }
    },
    "ee-first": {
      "version": "1.1.1",
      "resolved": "http://r.tnpm.oa.com/ee-first/download/ee-first-1.1.1.tgz",
      "integrity": "sha1-WQxhFWsK4vTwJVcyoViyZrxWsh0=",
      "dev": true
    },
    "he": {
      "version": "1.2.0",
      "resolved": "http://r.tnpm.oa.com/he/download/he-1.2.0.tgz",
      "integrity": "sha1-hK5l+n6vsWX922FWauFLrwVmTw8=",
      "dev": true
    },
    "on-finished": {
      "version": "2.3.0",
      "resolved": "http://r.tnpm.oa.com/on-finished/download/on-finished-2.3.0.tgz",
      "integrity": "sha1-IPEzZIGwg811M3mSoWlxqi2QaUc=",
      "dev": true,
      "requires": {
        "ee-first": "1.1.1"
      }
    },
    "url-join": {
      "version": "4.0.0",
      "resolved": "http://r.tnpm.oa.com/url-join/download/url-join-4.0.0.tgz",
      "integrity": "sha1-TTNA6AfTdzvamZH4MFrNzCpmXSo=",
      "dev": true
    }
  }
}
